
Microsoft Visual Studio Solution File, Format Version 12.00
# Visual Studio Version 17
VisualStudioVersion = 17.4.33110.190
MinimumVisualStudioVersion = 10.0.40219.1
Project("{FAE04EC0-301F-11D3-BF4B-00C04F79EFBC}") = "EMP WAGE", "EMP WAGE.csproj", "{A0F6C995-3BD6-40F6-8CF8-E454F90CDA50}"
EndProject
Global
	GlobalSection(SolutionConfigurationPlatforms) = preSolution
		Debug|Any CPU = Debug|Any CPU
		Release|Any CPU = Release|Any CPU
	EndGlobalSection
	GlobalSection(ProjectConfigurationPlatforms) = postSolution
		{A0F6C995-3BD6-40F6-8CF8-E454F90CDA50}.Debug|Any CPU.ActiveCfg = Debug|Any CPU
		{A0F6C995-3BD6-40F6-8CF8-E454F90CDA50}.Debug|Any CPU.Build.0 = Debug|Any CPU
		{A0F6C995-3BD6-40F6-8CF8-E454F90CDA50}.Release|Any CPU.ActiveCfg = Release|Any CPU
		{A0F6C995-3BD6-40F6-8CF8-E454F90CDA50}.Release|Any CPU.Build.0 = Release|Any CPU
	EndGlobalSection
	GlobalSection(SolutionProperties) = preSolution
		HideSolutionNode = FALSE
	EndGlobalSection
	GlobalSection(ExtensibilityGlobals) = postSolution
		SolutionGuid = {082E15C1-B6BF-4ACD-A088-F4001B3821F0}
	EndGlobalSection
EndGlobal
